PODS:
  - AFNetworking (3.1.0):
    - AFNetworking/NSURLSession (= 3.1.0)
    - AFNetworking/Reachability (= 3.1.0)
    - AFNetworking/Security (= 3.1.0)
    - AFNetworking/Serialization (= 3.1.0)
    - AFNetworking/UIKit (= 3.1.0)
  - AFNetworking/NSURLSession (3.1.0):
    - AFNetworking/Reachability
    - AFNetworking/Security
    - AFNetworking/Serialization
  - AFNetworking/Reachability (3.1.0)
  - AFNetworking/Security (3.1.0)
  - AFNetworking/Serialization (3.1.0)
  - AFNetworking/UIKit (3.1.0):
    - AFNetworking/NSURLSession
  - DTFoundation/Core (1.7.12)
  - DTFoundation/DTASN1 (1.7.12):
    - DTFoundation/Core
  - OpenUDID (1.0.0)
  - PKAlertController (0.6.0)
  - TCMobileProvision (1.0.0):
    - DTFoundation/DTASN1 (~> 1.6)
  - WonderPush (2.2.1):
    - WonderPush/Core (= 2.2.1)
  - WonderPush/Core (2.2.1):
    - AFNetworking (~> 3.0)
    - OpenUDID (~> 1.0.0)
    - PKAlertController (~> 0.6)
    - TCMobileProvision (~> 1.0.0)

DEPENDENCIES:
  - WonderPush (from `.`)

EXTERNAL SOURCES:
  WonderPush:
    :path: .

SPEC CHECKSUMS:
  AFNetworking: 5e0e199f73d8626b11e79750991f5d173d1f8b67
  DTFoundation: 26a164ef510877387906fb92bff524a792db4bf8
  OpenUDID: e7cb6984c7304906ad20f3a36bf087b025896b6b
  PKAlertController: 8867a57e032592bf077965dcd519fe1694ba3a02
  TCMobileProvision: 2a8962b38821a20fad53b9d7851bbc9ae8c52995
  WonderPush: 4ed00c847bb4e27abe45e9aee1abbfefef7231b2

PODFILE CHECKSUM: 5e5761442a88cbd2c608826dffc401e102f35421

COCOAPODS: 1.2.1
