PODS:
  - AFNetworking (3.0.4):
    - AFNetworking/NSURLSession (= 3.0.4)
    - AFNetworking/Reachability (= 3.0.4)
    - AFNetworking/Security (= 3.0.4)
    - AFNetworking/Serialization (= 3.0.4)
    - AFNetworking/UIKit (= 3.0.4)
  - AFNetworking/NSURLSession (3.0.4):
    - AFNetworking/Reachability
    - AFNetworking/Security
    - AFNetworking/Serialization
  - AFNetworking/Reachability (3.0.4)
  - AFNetworking/Security (3.0.4)
  - AFNetworking/Serialization (3.0.4)
  - AFNetworking/UIKit (3.0.4):
    - AFNetworking/NSURLSession
  - CustomIOSAlertView (0.9.3)
  - DTFoundation/Core (1.7.9)
  - DTFoundation/DTASN1 (1.7.9):
    - DTFoundation/Core
  - OpenUDID (1.0.0)
  - TCMobileProvision (1.0.0):
    - DTFoundation/DTASN1 (~> 1.6)
  - WonderPush (2.0.1):
    - AFNetworking (~> 3.0)
    - CustomIOSAlertView (~> 0.9.3)
    - OpenUDID (~> 1.0.0)
    - TCMobileProvision (~> 1.0.0)

DEPENDENCIES:
  - WonderPush (from `.`)

EXTERNAL SOURCES:
  WonderPush:
    :path: .

SPEC CHECKSUMS:
  AFNetworking: a0075feb321559dc78d9d85b55d11caa19eabb93
  CustomIOSAlertView: 94d2401e34fcfb0ac0134679d6947f5e251b0446
  DTFoundation: 70a0765e3596f82dd421832e95c65e2166eb3102
  OpenUDID: e7cb6984c7304906ad20f3a36bf087b025896b6b
  TCMobileProvision: 2a8962b38821a20fad53b9d7851bbc9ae8c52995
  WonderPush: f87ca8701944269035c369cb8ba02c50ea399a6f

COCOAPODS: 0.39.0
