PODS:
  - WonderPush (2.4.0):
    - WonderPush/Core (= 2.4.0)
  - WonderPush/Core (2.4.0)
  - WonderPushExtension/NotificationService (2.4.0)

DEPENDENCIES:
  - WonderPush (from `.`)
  - WonderPushExtension/NotificationService (from `.`)

EXTERNAL SOURCES:
  WonderPush:
    :path: "."
  WonderPushExtension:
    :path: "."

SPEC CHECKSUMS:
  WonderPush: 098377ae59b9e8b89117a822cffc8874ebed1df9
  WonderPushExtension: fefd8030e1b852c1d7fc9f63c99af5073b3a81c0

PODFILE CHECKSUM: e7156240f1eba640b84b9d17de77641549b61f61

COCOAPODS: 1.5.2
