// !$*UTF8*$!
{
	archiveVersion = 1;
	classes = {
	};
	objectVersion = 46;
	objects = {

/* Begin PBXAggregateTarget section */
		A1272C8D1A0CD19C005A11C1 /* Universal Framework */ = {
			isa = PBXAggregateTarget;
			buildConfigurationList = A1272C8E1A0CD19D005A11C1 /* Build configuration list for PBXAggregateTarget "Universal Framework" */;
			buildPhases = (
				A1272C911A0CD1AA005A11C1 /* ShellScript */,
			);
			dependencies = (
			);
			name = "Universal Framework";
			productName = "Universal Framework";
		};
/* End PBXAggregateTarget section */

/* Begin PBXBuildFile section */
		3D663E5F1BA7B83800BBAB45 /* WPJsonUtil.m in Sources */ = {isa = PBXBuildFile; fileRef = 3D663E5E1BA7B83800BBAB45 /* WPJsonUtil.m */; };
		3DCC286C1B6F773C00D2778E /* WPAlertViewDelegateBlock.m in Sources */ = {isa = PBXBuildFile; fileRef = 3DCC286A1B6F773C00D2778E /* WPAlertViewDelegateBlock.m */; };
		3DDE66D71B4AE73200B5DC44 /* WPLog.m in Sources */ = {isa = PBXBuildFile; fileRef = 3DDE66D51B4AE73200B5DC44 /* WPLog.m */; };
		A1E3E0CF19E42B3E00A4EE09 /* CustomIOS7AlertView.m in Sources */ = {isa = PBXBuildFile; fileRef = A1B8508F19D4531500D1B6FB /* CustomIOS7AlertView.m */; };
		A1E3E0D019E42B3E00A4EE09 /* WPAFHTTPClient.m in Sources */ = {isa = PBXBuildFile; fileRef = A16E33CE19C8871F00E4E158 /* WPAFHTTPClient.m */; };
		A1E3E0D119E42B3E00A4EE09 /* WPAFHTTPRequestOperation.m in Sources */ = {isa = PBXBuildFile; fileRef = A16E33D019C8871F00E4E158 /* WPAFHTTPRequestOperation.m */; };
		A1E3E0D219E42B3E00A4EE09 /* WPAFImageRequestOperation.m in Sources */ = {isa = PBXBuildFile; fileRef = A16E33D219C8871F00E4E158 /* WPAFImageRequestOperation.m */; };
		A1E3E0D319E42B3E00A4EE09 /* WPAFJSONRequestOperation.m in Sources */ = {isa = PBXBuildFile; fileRef = A16E33D419C8871F00E4E158 /* WPAFJSONRequestOperation.m */; };
		A1E3E0D419E42B3E00A4EE09 /* WPAFNetworkActivityIndicatorManager.m in Sources */ = {isa = PBXBuildFile; fileRef = A16E33D619C8871F00E4E158 /* WPAFNetworkActivityIndicatorManager.m */; };
		A1E3E0D519E42B3E00A4EE09 /* WPAFPropertyListRequestOperation.m in Sources */ = {isa = PBXBuildFile; fileRef = A16E33D919C8871F00E4E158 /* WPAFPropertyListRequestOperation.m */; };
		A1E3E0D619E42B3E00A4EE09 /* WPAFURLConnectionOperation.m in Sources */ = {isa = PBXBuildFile; fileRef = A16E33DB19C8871F00E4E158 /* WPAFURLConnectionOperation.m */; };
		A1E3E0D719E42B3E00A4EE09 /* WPAFXMLRequestOperation.m in Sources */ = {isa = PBXBuildFile; fileRef = A16E33DD19C8871F00E4E158 /* WPAFXMLRequestOperation.m */; };
		A1E3E0D819E42B3E00A4EE09 /* UIImageView+WPAFNetworking.m in Sources */ = {isa = PBXBuildFile; fileRef = A16E33DF19C8871F00E4E158 /* UIImageView+WPAFNetworking.m */; };
		A1E3E0D919E42B3E00A4EE09 /* WPOpenUDID.m in Sources */ = {isa = PBXBuildFile; fileRef = A16E33E219C8871F00E4E158 /* WPOpenUDID.m */; settings = {COMPILER_FLAGS = "-fno-objc-arc"; }; };
		A1E3E0DA19E42B3E00A4EE09 /* WPDialogButtonHandler.m in Sources */ = {isa = PBXBuildFile; fileRef = A1B8508B19D41F6700D1B6FB /* WPDialogButtonHandler.m */; };
		A1E3E0DB19E42B3F00A4EE09 /* WPRequestVault.m in Sources */ = {isa = PBXBuildFile; fileRef = A189375319C998D100F91DDD /* WPRequestVault.m */; };
		A1E3E0DC19E42B3F00A4EE09 /* WPClient.m in Sources */ = {isa = PBXBuildFile; fileRef = A189375019C997CA00F91DDD /* WPClient.m */; };
		A1E3E0DD19E42B3F00A4EE09 /* WPUtil.m in Sources */ = {isa = PBXBuildFile; fileRef = A16E33F819C97CFA00E4E158 /* WPUtil.m */; };
		A1E3E0DE19E42B3F00A4EE09 /* WPRequest.m in Sources */ = {isa = PBXBuildFile; fileRef = A16E33F219C97BE700E4E158 /* WPRequest.m */; };
		A1E3E0DF19E42B3F00A4EE09 /* WPResponse.m in Sources */ = {isa = PBXBuildFile; fileRef = A16E33F419C97BE700E4E158 /* WPResponse.m */; };
		A1E3E0E019E42B3F00A4EE09 /* WPConfiguration.m in Sources */ = {isa = PBXBuildFile; fileRef = A16E33EF19C88EDB00E4E158 /* WPConfiguration.m */; };
		A1E3E0E119E42B3F00A4EE09 /* WonderPush.m in Sources */ = {isa = PBXBuildFile; fileRef = A16E33AD19C886A700E4E158 /* WonderPush.m */; };
		A1E3E0E219E42B4800A4EE09 /* WonderPush.h in Headers */ = {isa = PBXBuildFile; fileRef = A1E3E0A319E425DB00A4EE09 /* WonderPush.h */; settings = {ATTRIBUTES = (Public, ); }; };
/* End PBXBuildFile section */

/* Begin PBXFileReference section */
		3D663E5E1BA7B83800BBAB45 /* WPJsonUtil.m */ = {isa = PBXFileReference; fileEncoding = 4; lastKnownFileType = sourcecode.c.objc; path = WPJsonUtil.m; sourceTree = "<group>"; };
		3D663E601BA7B85A00BBAB45 /* WPJsonUtil.h */ = {isa = PBXFileReference; lastKnownFileType = sourcecode.c.h; path = WPJsonUtil.h; sourceTree = "<group>"; };
		3DCC28691B6F773C00D2778E /* WPAlertViewDelegateBlock.h */ = {isa = PBXFileReference; fileEncoding = 4; lastKnownFileType = sourcecode.c.h; path = WPAlertViewDelegateBlock.h; sourceTree = "<group>"; };
		3DCC286A1B6F773C00D2778E /* WPAlertViewDelegateBlock.m */ = {isa = PBXFileReference; fileEncoding = 4; lastKnownFileType = sourcecode.c.objc; path = WPAlertViewDelegateBlock.m; sourceTree = "<group>"; };
		3DDE66D51B4AE73200B5DC44 /* WPLog.m */ = {isa = PBXFileReference; fileEncoding = 4; lastKnownFileType = sourcecode.c.objc; path = WPLog.m; sourceTree = "<group>"; };
		3DDE66D61B4AE73200B5DC44 /* WPLog.h */ = {isa = PBXFileReference; fileEncoding = 4; lastKnownFileType = sourcecode.c.h; path = WPLog.h; sourceTree = "<group>"; };
		A120C1E419DD96A200370FE2 /* WonderPush_private.h */ = {isa = PBXFileReference; lastKnownFileType = sourcecode.c.h; path = WonderPush_private.h; sourceTree = "<group>"; };
		A16E33A619C886A700E4E158 /* Foundation.framework */ = {isa = PBXFileReference; lastKnownFileType = wrapper.framework; name = Foundation.framework; path = System/Library/Frameworks/Foundation.framework; sourceTree = SDKROOT; };
		A16E33AA19C886A700E4E158 /* WonderPush-Prefix.pch */ = {isa = PBXFileReference; lastKnownFileType = sourcecode.c.h; path = "WonderPush-Prefix.pch"; sourceTree = "<group>"; };
		A16E33AD19C886A700E4E158 /* WonderPush.m */ = {isa = PBXFileReference; lastKnownFileType = sourcecode.c.objc; path = WonderPush.m; sourceTree = "<group>"; };
		A16E33CD19C8871F00E4E158 /* WPAFHTTPClient.h */ = {isa = PBXFileReference; fileEncoding = 4; lastKnownFileType = sourcecode.c.h; path = WPAFHTTPClient.h; sourceTree = "<group>"; };
		A16E33CE19C8871F00E4E158 /* WPAFHTTPClient.m */ = {isa = PBXFileReference; fileEncoding = 4; lastKnownFileType = sourcecode.c.objc; path = WPAFHTTPClient.m; sourceTree = "<group>"; };
		A16E33CF19C8871F00E4E158 /* WPAFHTTPRequestOperation.h */ = {isa = PBXFileReference; fileEncoding = 4; lastKnownFileType = sourcecode.c.h; path = WPAFHTTPRequestOperation.h; sourceTree = "<group>"; };
		A16E33D019C8871F00E4E158 /* WPAFHTTPRequestOperation.m */ = {isa = PBXFileReference; fileEncoding = 4; lastKnownFileType = sourcecode.c.objc; path = WPAFHTTPRequestOperation.m; sourceTree = "<group>"; };
		A16E33D119C8871F00E4E158 /* WPAFImageRequestOperation.h */ = {isa = PBXFileReference; fileEncoding = 4; lastKnownFileType = sourcecode.c.h; path = WPAFImageRequestOperation.h; sourceTree = "<group>"; };
		A16E33D219C8871F00E4E158 /* WPAFImageRequestOperation.m */ = {isa = PBXFileReference; fileEncoding = 4; lastKnownFileType = sourcecode.c.objc; path = WPAFImageRequestOperation.m; sourceTree = "<group>"; };
		A16E33D319C8871F00E4E158 /* WPAFJSONRequestOperation.h */ = {isa = PBXFileReference; fileEncoding = 4; lastKnownFileType = sourcecode.c.h; path = WPAFJSONRequestOperation.h; sourceTree = "<group>"; };
		A16E33D419C8871F00E4E158 /* WPAFJSONRequestOperation.m */ = {isa = PBXFileReference; fileEncoding = 4; lastKnownFileType = sourcecode.c.objc; path = WPAFJSONRequestOperation.m; sourceTree = "<group>"; };
		A16E33D519C8871F00E4E158 /* WPAFNetworkActivityIndicatorManager.h */ = {isa = PBXFileReference; fileEncoding = 4; lastKnownFileType = sourcecode.c.h; path = WPAFNetworkActivityIndicatorManager.h; sourceTree = "<group>"; };
		A16E33D619C8871F00E4E158 /* WPAFNetworkActivityIndicatorManager.m */ = {isa = PBXFileReference; fileEncoding = 4; lastKnownFileType = sourcecode.c.objc; path = WPAFNetworkActivityIndicatorManager.m; sourceTree = "<group>"; };
		A16E33D719C8871F00E4E158 /* WPAFNetworking.h */ = {isa = PBXFileReference; fileEncoding = 4; lastKnownFileType = sourcecode.c.h; path = WPAFNetworking.h; sourceTree = "<group>"; };
		A16E33D819C8871F00E4E158 /* WPAFPropertyListRequestOperation.h */ = {isa = PBXFileReference; fileEncoding = 4; lastKnownFileType = sourcecode.c.h; path = WPAFPropertyListRequestOperation.h; sourceTree = "<group>"; };
		A16E33D919C8871F00E4E158 /* WPAFPropertyListRequestOperation.m */ = {isa = PBXFileReference; fileEncoding = 4; lastKnownFileType = sourcecode.c.objc; path = WPAFPropertyListRequestOperation.m; sourceTree = "<group>"; };
		A16E33DA19C8871F00E4E158 /* WPAFURLConnectionOperation.h */ = {isa = PBXFileReference; fileEncoding = 4; lastKnownFileType = sourcecode.c.h; path = WPAFURLConnectionOperation.h; sourceTree = "<group>"; };
		A16E33DB19C8871F00E4E158 /* WPAFURLConnectionOperation.m */ = {isa = PBXFileReference; fileEncoding = 4; lastKnownFileType = sourcecode.c.objc; path = WPAFURLConnectionOperation.m; sourceTree = "<group>"; };
		A16E33DC19C8871F00E4E158 /* WPAFXMLRequestOperation.h */ = {isa = PBXFileReference; fileEncoding = 4; lastKnownFileType = sourcecode.c.h; path = WPAFXMLRequestOperation.h; sourceTree = "<group>"; };
		A16E33DD19C8871F00E4E158 /* WPAFXMLRequestOperation.m */ = {isa = PBXFileReference; fileEncoding = 4; lastKnownFileType = sourcecode.c.objc; path = WPAFXMLRequestOperation.m; sourceTree = "<group>"; };
		A16E33DE19C8871F00E4E158 /* UIImageView+WPAFNetworking.h */ = {isa = PBXFileReference; fileEncoding = 4; lastKnownFileType = sourcecode.c.h; path = "UIImageView+WPAFNetworking.h"; sourceTree = "<group>"; };
		A16E33DF19C8871F00E4E158 /* UIImageView+WPAFNetworking.m */ = {isa = PBXFileReference; fileEncoding = 4; lastKnownFileType = sourcecode.c.objc; path = "UIImageView+WPAFNetworking.m"; sourceTree = "<group>"; };
		A16E33E119C8871F00E4E158 /* WPOpenUDID.h */ = {isa = PBXFileReference; fileEncoding = 4; lastKnownFileType = sourcecode.c.h; path = WPOpenUDID.h; sourceTree = "<group>"; };
		A16E33E219C8871F00E4E158 /* WPOpenUDID.m */ = {isa = PBXFileReference; fileEncoding = 4; lastKnownFileType = sourcecode.c.objc; path = WPOpenUDID.m; sourceTree = "<group>"; };
		A16E33E319C8871F00E4E158 /* README.md */ = {isa = PBXFileReference; fileEncoding = 4; lastKnownFileType = text; path = README.md; sourceTree = "<group>"; };
		A16E33EE19C88EDB00E4E158 /* WPConfiguration.h */ = {isa = PBXFileReference; fileEncoding = 4; lastKnownFileType = sourcecode.c.h; path = WPConfiguration.h; sourceTree = "<group>"; };
		A16E33EF19C88EDB00E4E158 /* WPConfiguration.m */ = {isa = PBXFileReference; fileEncoding = 4; lastKnownFileType = sourcecode.c.objc; path = WPConfiguration.m; sourceTree = "<group>"; };
		A16E33F119C97BE700E4E158 /* WPRequest.h */ = {isa = PBXFileReference; fileEncoding = 4; lastKnownFileType = sourcecode.c.h; path = WPRequest.h; sourceTree = "<group>"; };
		A16E33F219C97BE700E4E158 /* WPRequest.m */ = {isa = PBXFileReference; fileEncoding = 4; lastKnownFileType = sourcecode.c.objc; path = WPRequest.m; sourceTree = "<group>"; };
		A16E33F319C97BE700E4E158 /* WPResponse.h */ = {isa = PBXFileReference; fileEncoding = 4; lastKnownFileType = sourcecode.c.h; path = WPResponse.h; sourceTree = "<group>"; };
		A16E33F419C97BE700E4E158 /* WPResponse.m */ = {isa = PBXFileReference; fileEncoding = 4; lastKnownFileType = sourcecode.c.objc; path = WPResponse.m; sourceTree = "<group>"; };
		A16E33F719C97CFA00E4E158 /* WPUtil.h */ = {isa = PBXFileReference; fileEncoding = 4; lastKnownFileType = sourcecode.c.h; path = WPUtil.h; sourceTree = "<group>"; };
		A16E33F819C97CFA00E4E158 /* WPUtil.m */ = {isa = PBXFileReference; fileEncoding = 4; lastKnownFileType = sourcecode.c.objc; path = WPUtil.m; sourceTree = "<group>"; };
		A189374F19C997CA00F91DDD /* WPClient.h */ = {isa = PBXFileReference; fileEncoding = 4; lastKnownFileType = sourcecode.c.h; path = WPClient.h; sourceTree = "<group>"; };
		A189375019C997CA00F91DDD /* WPClient.m */ = {isa = PBXFileReference; fileEncoding = 4; lastKnownFileType = sourcecode.c.objc; path = WPClient.m; sourceTree = "<group>"; };
		A189375219C998D100F91DDD /* WPRequestVault.h */ = {isa = PBXFileReference; fileEncoding = 4; lastKnownFileType = sourcecode.c.h; path = WPRequestVault.h; sourceTree = "<group>"; };
		A189375319C998D100F91DDD /* WPRequestVault.m */ = {isa = PBXFileReference; fileEncoding = 4; lastKnownFileType = sourcecode.c.objc; path = WPRequestVault.m; sourceTree = "<group>"; };
		A189379D19C9E0C600F91DDD /* CoreTelephony.framework */ = {isa = PBXFileReference; lastKnownFileType = wrapper.framework; name = CoreTelephony.framework; path = System/Library/Frameworks/CoreTelephony.framework; sourceTree = SDKROOT; };
		A189379F19C9E0D300F91DDD /* SystemConfiguration.framework */ = {isa = PBXFileReference; lastKnownFileType = wrapper.framework; name = SystemConfiguration.framework; path = System/Library/Frameworks/SystemConfiguration.framework; sourceTree = SDKROOT; };
		A18937A119C9E0D900F91DDD /* CoreLocation.framework */ = {isa = PBXFileReference; lastKnownFileType = wrapper.framework; name = CoreLocation.framework; path = System/Library/Frameworks/CoreLocation.framework; sourceTree = SDKROOT; };
		A18937A319C9E0E800F91DDD /* MobileCoreServices.framework */ = {isa = PBXFileReference; lastKnownFileType = wrapper.framework; name = MobileCoreServices.framework; path = System/Library/Frameworks/MobileCoreServices.framework; sourceTree = SDKROOT; };
		A18937A519C9E0F500F91DDD /* CoreFoundation.framework */ = {isa = PBXFileReference; lastKnownFileType = wrapper.framework; name = CoreFoundation.framework; path = System/Library/Frameworks/CoreFoundation.framework; sourceTree = SDKROOT; };
		A18937B119CB018F00F91DDD /* UIKit.framework */ = {isa = PBXFileReference; lastKnownFileType = wrapper.framework; name = UIKit.framework; path = System/Library/Frameworks/UIKit.framework; sourceTree = SDKROOT; };
		A18937B819CB0E1F00F91DDD /* CoreBluetooth.framework */ = {isa = PBXFileReference; lastKnownFileType = wrapper.framework; name = CoreBluetooth.framework; path = System/Library/Frameworks/CoreBluetooth.framework; sourceTree = SDKROOT; };
		A18937BC19CB340A00F91DDD /* AVFoundation.framework */ = {isa = PBXFileReference; lastKnownFileType = wrapper.framework; name = AVFoundation.framework; path = System/Library/Frameworks/AVFoundation.framework; sourceTree = SDKROOT; };
		A18937C019CB34B400F91DDD /* CoreMotion.framework */ = {isa = PBXFileReference; lastKnownFileType = wrapper.framework; name = CoreMotion.framework; path = System/Library/Frameworks/CoreMotion.framework; sourceTree = SDKROOT; };
		A18937WPAF19CAEC0700F91DDD /* CoreGraphics.framework */ = {isa = PBXFileReference; lastKnownFileType = wrapper.framework; name = CoreGraphics.framework; path = System/Library/Frameworks/CoreGraphics.framework; sourceTree = SDKROOT; };
		A1B8508A19D41F6700D1B6FB /* WPDialogButtonHandler.h */ = {isa = PBXFileReference; fileEncoding = 4; lastKnownFileType = sourcecode.c.h; path = WPDialogButtonHandler.h; sourceTree = "<group>"; };
		A1B8508B19D41F6700D1B6FB /* WPDialogButtonHandler.m */ = {isa = PBXFileReference; fileEncoding = 4; lastKnownFileType = sourcecode.c.objc; path = WPDialogButtonHandler.m; sourceTree = "<group>"; };
		A1B8508E19D4531500D1B6FB /* CustomIOS7AlertView.h */ = {isa = PBXFileReference; fileEncoding = 4; lastKnownFileType = sourcecode.c.h; name = CustomIOS7AlertView.h; path = CustomiOSAlertView/CustomIOS7AlertView.h; sourceTree = "<group>"; };
		A1B8508F19D4531500D1B6FB /* CustomIOS7AlertView.m */ = {isa = PBXFileReference; fileEncoding = 4; lastKnownFileType = sourcecode.c.objc; name = CustomIOS7AlertView.m; path = CustomiOSAlertView/CustomIOS7AlertView.m; sourceTree = "<group>"; };
		A1E3E08219E423A200A4EE09 /* WonderPush.framework */ = {isa = PBXFileReference; explicitFileType = wrapper.framework; includeInIndex = 0; path = WonderPush.framework; sourceTree = BUILT_PRODUCTS_DIR; };
		A1E3E08519E423A200A4EE09 /* Info.plist */ = {isa = PBXFileReference; lastKnownFileType = text.plist.xml; path = Info.plist; sourceTree = "<group>"; };
		A1E3E0A319E425DB00A4EE09 /* WonderPush.h */ = {isa = PBXFileReference; fileEncoding = 4; lastKnownFileType = sourcecode.c.h; path = WonderPush.h; sourceTree = "<group>"; };
/* End PBXFileReference section */

/* Begin PBXFrameworksBuildPhase section */
		A1E3E07E19E423A200A4EE09 /* Frameworks */ = {
			isa = PBXFrameworksBuildPhase;
			buildActionMask = 2147483647;
			files = (
			);
			runOnlyForDeploymentPostprocessing = 0;
		};
/* End PBXFrameworksBuildPhase section */

/* Begin PBXGroup section */
		A16E339A19C886A700E4E158 = {
			isa = PBXGroup;
			children = (
				A1B8508D19D4528D00D1B6FB /* CustomiOSAlertView */,
				A16E33CC19C8871F00E4E158 /* WPAFNetworking */,
				A16E33E019C8871F00E4E158 /* WPOpenUDID */,
				A16E33A819C886A700E4E158 /* WonderPush */,
				A16E33A519C886A700E4E158 /* Frameworks */,
				A16E33A419C886A700E4E158 /* Products */,
			);
			sourceTree = "<group>";
		};
		A16E33A419C886A700E4E158 /* Products */ = {
			isa = PBXGroup;
			children = (
				A1E3E08219E423A200A4EE09 /* WonderPush.framework */,
			);
			name = Products;
			sourceTree = "<group>";
		};
		A16E33A519C886A700E4E158 /* Frameworks */ = {
			isa = PBXGroup;
			children = (
				A18937C019CB34B400F91DDD /* CoreMotion.framework */,
				A18937BC19CB340A00F91DDD /* AVFoundation.framework */,
				A18937B819CB0E1F00F91DDD /* CoreBluetooth.framework */,
				A18937B119CB018F00F91DDD /* UIKit.framework */,
				A18937WPAF19CAEC0700F91DDD /* CoreGraphics.framework */,
				A18937A519C9E0F500F91DDD /* CoreFoundation.framework */,
				A18937A319C9E0E800F91DDD /* MobileCoreServices.framework */,
				A18937A119C9E0D900F91DDD /* CoreLocation.framework */,
				A189379F19C9E0D300F91DDD /* SystemConfiguration.framework */,
				A189379D19C9E0C600F91DDD /* CoreTelephony.framework */,
				A16E33A619C886A700E4E158 /* Foundation.framework */,
			);
			name = Frameworks;
			sourceTree = "<group>";
		};
		A16E33A819C886A700E4E158 /* WonderPush */ = {
			isa = PBXGroup;
			children = (
				A1B8508A19D41F6700D1B6FB /* WPDialogButtonHandler.h */,
				A1B8508B19D41F6700D1B6FB /* WPDialogButtonHandler.m */,
				A189375219C998D100F91DDD /* WPRequestVault.h */,
				A189375319C998D100F91DDD /* WPRequestVault.m */,
				A189374F19C997CA00F91DDD /* WPClient.h */,
				A189375019C997CA00F91DDD /* WPClient.m */,
				A16E33F719C97CFA00E4E158 /* WPUtil.h */,
				A16E33F819C97CFA00E4E158 /* WPUtil.m */,
				A16E33F119C97BE700E4E158 /* WPRequest.h */,
				A16E33F219C97BE700E4E158 /* WPRequest.m */,
				A16E33F319C97BE700E4E158 /* WPResponse.h */,
				A16E33F419C97BE700E4E158 /* WPResponse.m */,
				A16E33EE19C88EDB00E4E158 /* WPConfiguration.h */,
				A16E33EF19C88EDB00E4E158 /* WPConfiguration.m */,
				A1E3E0A319E425DB00A4EE09 /* WonderPush.h */,
				A16E33AD19C886A700E4E158 /* WonderPush.m */,
				A120C1E419DD96A200370FE2 /* WonderPush_private.h */,
				3DDE66D51B4AE73200B5DC44 /* WPLog.m */,
				3DDE66D61B4AE73200B5DC44 /* WPLog.h */,
				3DCC28691B6F773C00D2778E /* WPAlertViewDelegateBlock.h */,
				3DCC286A1B6F773C00D2778E /* WPAlertViewDelegateBlock.m */,
				3D663E5E1BA7B83800BBAB45 /* WPJsonUtil.m */,
				3D663E601BA7B85A00BBAB45 /* WPJsonUtil.h */,
				A16E33A919C886A700E4E158 /* Supporting Files */,
			);
			path = WonderPush;
			sourceTree = "<group>";
		};
		A16E33A919C886A700E4E158 /* Supporting Files */ = {
			isa = PBXGroup;
			children = (
				A1E3E08519E423A200A4EE09 /* Info.plist */,
				A16E33AA19C886A700E4E158 /* WonderPush-Prefix.pch */,
			);
			name = "Supporting Files";
			sourceTree = "<group>";
		};
		A16E33CC19C8871F00E4E158 /* WPAFNetworking */ = {
			isa = PBXGroup;
			children = (
				A16E33CD19C8871F00E4E158 /* WPAFHTTPClient.h */,
				A16E33CE19C8871F00E4E158 /* WPAFHTTPClient.m */,
				A16E33CF19C8871F00E4E158 /* WPAFHTTPRequestOperation.h */,
				A16E33D019C8871F00E4E158 /* WPAFHTTPRequestOperation.m */,
				A16E33D119C8871F00E4E158 /* WPAFImageRequestOperation.h */,
				A16E33D219C8871F00E4E158 /* WPAFImageRequestOperation.m */,
				A16E33D319C8871F00E4E158 /* WPAFJSONRequestOperation.h */,
				A16E33D419C8871F00E4E158 /* WPAFJSONRequestOperation.m */,
				A16E33D519C8871F00E4E158 /* WPAFNetworkActivityIndicatorManager.h */,
				A16E33D619C8871F00E4E158 /* WPAFNetworkActivityIndicatorManager.m */,
				A16E33D719C8871F00E4E158 /* WPAFNetworking.h */,
				A16E33D819C8871F00E4E158 /* WPAFPropertyListRequestOperation.h */,
				A16E33D919C8871F00E4E158 /* WPAFPropertyListRequestOperation.m */,
				A16E33DA19C8871F00E4E158 /* WPAFURLConnectionOperation.h */,
				A16E33DB19C8871F00E4E158 /* WPAFURLConnectionOperation.m */,
				A16E33DC19C8871F00E4E158 /* WPAFXMLRequestOperation.h */,
				A16E33DD19C8871F00E4E158 /* WPAFXMLRequestOperation.m */,
				A16E33DE19C8871F00E4E158 /* UIImageView+WPAFNetworking.h */,
				A16E33DF19C8871F00E4E158 /* UIImageView+WPAFNetworking.m */,
			);
			path = WPAFNetworking;
			sourceTree = "<group>";
		};
		A16E33E019C8871F00E4E158 /* WPOpenUDID */ = {
			isa = PBXGroup;
			children = (
				A16E33E119C8871F00E4E158 /* WPOpenUDID.h */,
				A16E33E219C8871F00E4E158 /* WPOpenUDID.m */,
				A16E33E319C8871F00E4E158 /* README.md */,
			);
			path = WPOpenUDID;
			sourceTree = "<group>";
		};
		A1B8508D19D4528D00D1B6FB /* CustomiOSAlertView */ = {
			isa = PBXGroup;
			children = (
				A1B8508E19D4531500D1B6FB /* CustomIOS7AlertView.h */,
				A1B8508F19D4531500D1B6FB /* CustomIOS7AlertView.m */,
			);
			name = CustomiOSAlertView;
			sourceTree = "<group>";
		};
/* End PBXGroup section */

/* Begin PBXHeadersBuildPhase section */
		A1E3E07F19E423A200A4EE09 /* Headers */ = {
			isa = PBXHeadersBuildPhase;
			buildActionMask = 2147483647;
			files = (
				A1E3E0E219E42B4800A4EE09 /* WonderPush.h in Headers */,
			);
			runOnlyForDeploymentPostprocessing = 0;
		};
/* End PBXHeadersBuildPhase section */

/* Begin PBXNativeTarget section */
		A1E3E08119E423A200A4EE09 /* WonderPush */ = {
			isa = PBXNativeTarget;
			buildConfigurationList = A1E3E09219E423A300A4EE09 /* Build configuration list for PBXNativeTarget "WonderPush" */;
			buildPhases = (
				A1E3E07D19E423A200A4EE09 /* Sources */,
				A1E3E07E19E423A200A4EE09 /* Frameworks */,
				A1E3E07F19E423A200A4EE09 /* Headers */,
				A1E3E08019E423A200A4EE09 /* Resources */,
			);
			buildRules = (
			);
			dependencies = (
			);
			name = WonderPush;
			productName = WonderPush;
			productReference = A1E3E08219E423A200A4EE09 /* WonderPush.framework */;
			productType = "com.apple.product-type.framework";
		};
/* End PBXNativeTarget section */

/* Begin PBXProject section */
		A16E339B19C886A700E4E158 /* Project object */ = {
			isa = PBXProject;
			attributes = {
				LastUpgradeCheck = 0510;
				ORGANIZATIONNAME = WonderPush;
				TargetAttributes = {
					A1272C8D1A0CD19C005A11C1 = {
						CreatedOnToolsVersion = 6.1;
					};
					A1E3E08119E423A200A4EE09 = {
						CreatedOnToolsVersion = 6.0.1;
					};
				};
			};
			buildConfigurationList = A16E339E19C886A700E4E158 /* Build configuration list for PBXProject "WonderPush" */;
			compatibilityVersion = "Xcode 3.2";
			developmentRegion = English;
			hasScannedForEncodings = 0;
			knownRegions = (
				en,
			);
			mainGroup = A16E339A19C886A700E4E158;
			productRefGroup = A16E33A419C886A700E4E158 /* Products */;
			projectDirPath = "";
			projectRoot = "";
			targets = (
				A1E3E08119E423A200A4EE09 /* WonderPush */,
				A1272C8D1A0CD19C005A11C1 /* Universal Framework */,
			);
		};
/* End PBXProject section */

/* Begin PBXResourcesBuildPhase section */
		A1E3E08019E423A200A4EE09 /* Resources */ = {
			isa = PBXResourcesBuildPhase;
			buildActionMask = 2147483647;
			files = (
			);
			runOnlyForDeploymentPostprocessing = 0;
		};
/* End PBXResourcesBuildPhase section */

/* Begin PBXShellScriptBuildPhase section */
		A1272C911A0CD1AA005A11C1 /* ShellScript */ = {
			isa = PBXShellScriptBuildPhase;
			buildActionMask = 8;
			files = (
			);
			inputPaths = (
			);
			outputPaths = (
				"$(INSTALL_DIR)/Libraries/$(PROJECT_NAME).framework",
			);
			runOnlyForDeploymentPostprocessing = 1;
			shellPath = /bin/sh;
			shellScript = "set -e\n\necho \"GCC_PREPROCESSOR_DEFINITIONS = $GCC_PREPROCESSOR_DEFINITIONS\"\nUNIVERSAL_OUTPUTFOLDER=${INSTALL_DIR}/Libraries\nversion=\"$(defaults read \"$(pwd)/WonderPush/Info\" CFBundleShortVersionString)\"\necho \"Framework version: $version\"\n\n# make sure the output directory exists\necho \"Output folder: ${UNIVERSAL_OUTPUTFOLDER}/\"\nmkdir -p \"${UNIVERSAL_OUTPUTFOLDER}\"\n\n# Step 1. Build Device and Simulator versions\necho \"Building for iphoneos...\"\nxcodebuild -target \"${PROJECT_NAME}\" ONLY_ACTIVE_ARCH=NO -configuration ${CONFIGURATION} -sdk iphoneos BUILD_DIR=\"${BUILD_DIR}\" BUILD_ROOT=\"${BUILD_ROOT}\" GCC_PREPROCESSOR_DEFINITIONS=\"$GCC_PREPROCESSOR_DEFINITIONS SDK_VERSION=@\\\\\\\"iOS-$version\\\\\\\"\" clean build\necho \"Building for iphonesimulator...\"\nxcodebuild -target \"${PROJECT_NAME}\" ONLY_ACTIVE_ARCH=NO -configuration ${CONFIGURATION} -sdk iphonesimulator BUILD_DIR=\"${BUILD_DIR}\" BUILD_ROOT=\"${BUILD_ROOT}\" GCC_PREPROCESSOR_DEFINITIONS=\"$GCC_PREPROCESSOR_DEFINITIONS SDK_VERSION=@\\\\\\\"iOS-$version\\\\\\\"\" clean build\n\n# Step 2. Copy the framework structure to the universal folder\necho \"Copying base framework structure...\"\ncp -R \"${BUILD_DIR}/${CONFIGURATION}-iphoneos/${PROJECT_NAME}.framework\" \"${UNIVERSAL_OUTPUTFOLDER}/\"\n\n# Step 3. Create universal binary file using lipo and place the combined executable in the copied framework directory\necho \"Creating the universal binary...\"\nlipo -create -output \"${UNIVERSAL_OUTPUTFOLDER}/${PROJECT_NAME}.framework/${PROJECT_NAME}\" \"${BUILD_DIR}/${CONFIGURATION}-iphonesimulator/${PROJECT_NAME}.framework/${PROJECT_NAME}\" \"${BUILD_DIR}/${CONFIGURATION}-iphoneos/${PROJECT_NAME}.framework/${PROJECT_NAME}\"\n\necho \"Done\"\n";
			showEnvVarsInLog = 0;
		};
/* End PBXShellScriptBuildPhase section */

/* Begin PBXSourcesBuildPhase section */
		A1E3E07D19E423A200A4EE09 /* Sources */ = {
			isa = PBXSourcesBuildPhase;
			buildActionMask = 2147483647;
			files = (
				3D663E5F1BA7B83800BBAB45 /* WPJsonUtil.m in Sources */,
				A1E3E0CF19E42B3E00A4EE09 /* CustomIOS7AlertView.m in Sources */,
				A1E3E0D019E42B3E00A4EE09 /* WPAFHTTPClient.m in Sources */,
				A1E3E0D119E42B3E00A4EE09 /* WPAFHTTPRequestOperation.m in Sources */,
				A1E3E0D219E42B3E00A4EE09 /* WPAFImageRequestOperation.m in Sources */,
				A1E3E0D319E42B3E00A4EE09 /* WPAFJSONRequestOperation.m in Sources */,
				3DDE66D71B4AE73200B5DC44 /* WPLog.m in Sources */,
				A1E3E0D419E42B3E00A4EE09 /* WPAFNetworkActivityIndicatorManager.m in Sources */,
				A1E3E0D519E42B3E00A4EE09 /* WPAFPropertyListRequestOperation.m in Sources */,
				A1E3E0D619E42B3E00A4EE09 /* WPAFURLConnectionOperation.m in Sources */,
				A1E3E0D719E42B3E00A4EE09 /* WPAFXMLRequestOperation.m in Sources */,
				A1E3E0D819E42B3E00A4EE09 /* UIImageView+WPAFNetworking.m in Sources */,
				A1E3E0D919E42B3E00A4EE09 /* WPOpenUDID.m in Sources */,
				A1E3E0DA19E42B3E00A4EE09 /* WPDialogButtonHandler.m in Sources */,
				A1E3E0DB19E42B3F00A4EE09 /* WPRequestVault.m in Sources */,
				A1E3E0DC19E42B3F00A4EE09 /* WPClient.m in Sources */,
				A1E3E0DD19E42B3F00A4EE09 /* WPUtil.m in Sources */,
				A1E3E0DE19E42B3F00A4EE09 /* WPRequest.m in Sources */,
				A1E3E0DF19E42B3F00A4EE09 /* WPResponse.m in Sources */,
				A1E3E0E019E42B3F00A4EE09 /* WPConfiguration.m in Sources */,
				A1E3E0E119E42B3F00A4EE09 /* WonderPush.m in Sources */,
				3DCC286C1B6F773C00D2778E /* WPAlertViewDelegateBlock.m in Sources */,
			);
			runOnlyForDeploymentPostprocessing = 0;
		};
/* End PBXSourcesBuildPhase section */

/* Begin XCBuildConfiguration section */
		A1272C8F1A0CD19D005A11C1 /* Debug */ = {
			isa = XCBuildConfiguration;
			buildSettings = {
				PRODUCT_NAME = "$(TARGET_NAME)";
			};
			name = Debug;
		};
		A1272C901A0CD19D005A11C1 /* Release */ = {
			isa = XCBuildConfiguration;
			buildSettings = {
				PRODUCT_NAME = "$(TARGET_NAME)";
			};
			name = Release;
		};
		A16E33C419C886A700E4E158 /* Debug */ = {
			isa = XCBuildConfiguration;
			buildSettings = {
				ALWAYS_SEARCH_USER_PATHS = NO;
				CLANG_CXX_LANGUAGE_STANDARD = "gnu++0x";
				CLANG_CXX_LIBRARY = "libc++";
				CLANG_ENABLE_MODULES = YES;
				CLANG_ENABLE_OBJC_ARC = YES;
				CLANG_WARN_BOOL_CONVERSION = YES;
				CLANG_WARN_CONSTANT_CONVERSION = YES;
				CLANG_WARN_DIRECT_OBJC_ISA_USAGE = YES_ERROR;
				CLANG_WARN_EMPTY_BODY = YES;
				CLANG_WARN_ENUM_CONVERSION = YES;
				CLANG_WARN_INT_CONVERSION = YES;
				CLANG_WARN_OBJC_ROOT_CLASS = YES_ERROR;
				CLANG_WARN__DUPLICATE_METHOD_MATCH = YES;
				COPY_PHASE_STRIP = NO;
				DEAD_CODE_STRIPPING = NO;
				GCC_C_LANGUAGE_STANDARD = gnu99;
				GCC_OPTIMIZATION_LEVEL = 0;
				GCC_PREFIX_HEADER = "WonderPush/WonderPush-Prefix.pch";
				GCC_PREPROCESSOR_DEFINITIONS = (
					"DEBUG=1",
					"WP_DEBUG=1",
					"$(inherited)",
				);
				GCC_WARN_64_TO_32_BIT_CONVERSION = YES;
				GCC_WARN_ABOUT_RETURN_TYPE = YES_ERROR;
				GCC_WARN_UNDECLARED_SELECTOR = YES;
				GCC_WARN_UNINITIALIZED_AUTOS = YES_AGGRESSIVE;
				GCC_WARN_UNUSED_FUNCTION = YES;
				GCC_WARN_UNUSED_VARIABLE = YES;
				IPHONEOS_DEPLOYMENT_TARGET = 7.0;
				LINK_WITH_STANDARD_LIBRARIES = NO;
				MACH_O_TYPE = mh_object;
				ONLY_ACTIVE_ARCH = NO;
				SDKROOT = iphoneos;
				SKIP_INSTALL = YES;
			};
			name = Debug;
		};
		A16E33C519C886A700E4E158 /* Release */ = {
			isa = XCBuildConfiguration;
			buildSettings = {
				ALWAYS_SEARCH_USER_PATHS = NO;
				CLANG_CXX_LANGUAGE_STANDARD = "gnu++0x";
				CLANG_CXX_LIBRARY = "libc++";
				CLANG_ENABLE_MODULES = YES;
				CLANG_ENABLE_OBJC_ARC = YES;
				CLANG_WARN_BOOL_CONVERSION = YES;
				CLANG_WARN_CONSTANT_CONVERSION = YES;
				CLANG_WARN_DIRECT_OBJC_ISA_USAGE = YES_ERROR;
				CLANG_WARN_EMPTY_BODY = YES;
				CLANG_WARN_ENUM_CONVERSION = YES;
				CLANG_WARN_INT_CONVERSION = YES;
				CLANG_WARN_OBJC_ROOT_CLASS = YES_ERROR;
				CLANG_WARN__DUPLICATE_METHOD_MATCH = YES;
				COPY_PHASE_STRIP = YES;
				DEAD_CODE_STRIPPING = NO;
				ENABLE_NS_ASSERTIONS = NO;
				GCC_C_LANGUAGE_STANDARD = gnu99;
				GCC_PREFIX_HEADER = "WonderPush/WonderPush-Prefix.pch";
				GCC_WARN_64_TO_32_BIT_CONVERSION = YES;
				GCC_WARN_ABOUT_RETURN_TYPE = YES_ERROR;
				GCC_WARN_UNDECLARED_SELECTOR = YES;
				GCC_WARN_UNINITIALIZED_AUTOS = YES_AGGRESSIVE;
				GCC_WARN_UNUSED_FUNCTION = YES;
				GCC_WARN_UNUSED_VARIABLE = YES;
				IPHONEOS_DEPLOYMENT_TARGET = 7.0;
				LINK_WITH_STANDARD_LIBRARIES = NO;
				MACH_O_TYPE = mh_object;
				SDKROOT = iphoneos;
				SKIP_INSTALL = YES;
				VALIDATE_PRODUCT = YES;
			};
			name = Release;
		};
		A1E3E09319E423A300A4EE09 /* Debug */ = {
			isa = XCBuildConfiguration;
			buildSettings = {
				CLANG_WARN_UNREACHABLE_CODE = YES;
				"CODE_SIGN_IDENTITY[sdk=iphoneos*]" = "iPhone Developer";
				CURRENT_PROJECT_VERSION = 1;
				DEFINES_MODULE = YES;
				ENABLE_STRICT_OBJC_MSGSEND = YES;
				GCC_PREPROCESSOR_DEFINITIONS = "$(inherited)";
				INFOPLIST_FILE = WonderPush/Info.plist;
				INSTALL_PATH = "$(LOCAL_LIBRARY_DIR)/Frameworks";
				MTL_ENABLE_DEBUG_INFO = YES;
				PRODUCT_NAME = "$(TARGET_NAME)";
				TARGETED_DEVICE_FAMILY = "1,2";
				VERSIONING_SYSTEM = "apple-generic";
				VERSION_INFO_PREFIX = "";
			};
			name = Debug;
		};
		A1E3E09419E423A300A4EE09 /* Release */ = {
			isa = XCBuildConfiguration;
			buildSettings = {
				CLANG_WARN_UNREACHABLE_CODE = YES;
				"CODE_SIGN_IDENTITY[sdk=iphoneos*]" = "iPhone Developer";
				CURRENT_PROJECT_VERSION = 1;
				DEFINES_MODULE = YES;
				ENABLE_STRICT_OBJC_MSGSEND = YES;
				INFOPLIST_FILE = WonderPush/Info.plist;
				INSTALL_PATH = "$(LOCAL_LIBRARY_DIR)/Frameworks";
				MTL_ENABLE_DEBUG_INFO = NO;
				PRODUCT_NAME = "$(TARGET_NAME)";
				TARGETED_DEVICE_FAMILY = "1,2";
				VERSIONING_SYSTEM = "apple-generic";
				VERSION_INFO_PREFIX = "";
			};
			name = Release;
		};
/* End XCBuildConfiguration section */

/* Begin XCConfigurationList section */
		A1272C8E1A0CD19D005A11C1 /* Build configuration list for PBXAggregateTarget "Universal Framework" */ = {
			isa = XCConfigurationList;
			buildConfigurations = (
				A1272C8F1A0CD19D005A11C1 /* Debug */,
				A1272C901A0CD19D005A11C1 /* Release */,
			);
			defaultConfigurationIsVisible = 0;
			defaultConfigurationName = Release;
		};
		A16E339E19C886A700E4E158 /* Build configuration list for PBXProject "WonderPush" */ = {
			isa = XCConfigurationList;
			buildConfigurations = (
				A16E33C419C886A700E4E158 /* Debug */,
				A16E33C519C886A700E4E158 /* Release */,
			);
			defaultConfigurationIsVisible = 0;
			defaultConfigurationName = Release;
		};
		A1E3E09219E423A300A4EE09 /* Build configuration list for PBXNativeTarget "WonderPush" */ = {
			isa = XCConfigurationList;
			buildConfigurations = (
				A1E3E09319E423A300A4EE09 /* Debug */,
				A1E3E09419E423A300A4EE09 /* Release */,
			);
			defaultConfigurationIsVisible = 0;
			defaultConfigurationName = Release;
		};
/* End XCConfigurationList section */
	};
	rootObject = A16E339B19C886A700E4E158 /* Project object */;
}
